
Microsoft Visual Studio Solution File, Format Version 12.00
# Visual Studio Version 16
VisualStudioVersion = 16.0.31321.278
MinimumVisualStudioVersion = 10.0.40219.1
Project("{FAE04EC0-301F-11D3-BF4B-00C04F79EFBC}") = "Square9APIHelperLibrary", "Square9APIHelperLibrary\Square9APIHelperLibrary.csproj", "{FEAF9D8F-B693-49F8-8E7C-EC2E294B40D9}"
EndProject
Project("{FAE04EC0-301F-11D3-BF4B-00C04F79EFBC}") = "APITest", "APITest\APITest.csproj", "{6DB6671D-6114-430E-ADC5-979596AF68E1}"
EndProject
Global
	GlobalSection(SolutionConfigurationPlatforms) = preSolution
		Debug|Any CPU = Debug|Any CPU
		Release|Any CPU = Release|Any CPU
	EndGlobalSection
	GlobalSection(ProjectConfigurationPlatforms) = postSolution
		{FEAF9D8F-B693-49F8-8E7C-EC2E294B40D9}.Debug|Any CPU.ActiveCfg = Debug|Any CPU
		{FEAF9D8F-B693-49F8-8E7C-EC2E294B40D9}.Debug|Any CPU.Build.0 = Debug|Any CPU
		{FEAF9D8F-B693-49F8-8E7C-EC2E294B40D9}.Release|Any CPU.ActiveCfg = Release|Any CPU
		{FEAF9D8F-B693-49F8-8E7C-EC2E294B40D9}.Release|Any CPU.Build.0 = Release|Any CPU
		{6DB6671D-6114-430E-ADC5-979596AF68E1}.Debug|Any CPU.ActiveCfg = Debug|Any CPU
		{6DB6671D-6114-430E-ADC5-979596AF68E1}.Debug|Any CPU.Build.0 = Debug|Any CPU
		{6DB6671D-6114-430E-ADC5-979596AF68E1}.Release|Any CPU.ActiveCfg = Release|Any CPU
		{6DB6671D-6114-430E-ADC5-979596AF68E1}.Release|Any CPU.Build.0 = Release|Any CPU
	EndGlobalSection
	GlobalSection(SolutionProperties) = preSolution
		HideSolutionNode = FALSE
	EndGlobalSection
	GlobalSection(ExtensibilityGlobals) = postSolution
		SolutionGuid = {6176868C-8221-41B3-A99C-ABA7AC37D288}
	EndGlobalSection
EndGlobal
